{
  "name": "S13P31A202",
  "lockfileVersion": 3,
  "requires": true,
  "packages": {
    "": {
      "dependencies": {
        "wavesurfer.js": "^7.11.1"
      }
    },
    "node_modules/wavesurfer.js": {
      "version": "7.11.1",
      "resolved": "https://registry.npmjs.org/wavesurfer.js/-/wavesurfer.js-7.11.1.tgz",
      "integrity": "sha512-8Q+wwItpjJAlhQ7crQLtKwgfbqqczm5/wx+76K4PptP+MBAjB0OA78+A9OuLnULz/8GpAQ+fKM6s81DonEO0Sg==",
      "license": "BSD-3-Clause"
    }
  }
}
